
Microsoft Visual Studio Solution File, Format Version 12.00
# Visual Studio 15
VisualStudioVersion = 15.0.26124.0
MinimumVisualStudioVersion = 15.0.26124.0
Project("{F2A71F9B-5D33-465A-A702-920D77279786}") = "WrioLogic", "WrioLogic\WrioLogic.fsproj", "{10B9FB9F-C264-4756-9327-8F779FDD4E4B}"
EndProject
Project("{F2A71F9B-5D33-465A-A702-920D77279786}") = "WrioTests", "WrioTests\WrioTests.fsproj", "{7AD27526-6FAE-4043-809B-C1C529DF3BC9}"
EndProject
Project("{F2A71F9B-5D33-465A-A702-920D77279786}") = "WorkConsole", "WorkConsole\WorkConsole.fsproj", "{20F810E0-B183-437E-932E-16F391509902}"
EndProject
Project("{F2A71F9B-5D33-465A-A702-920D77279786}") = "WrioWebapi", "WrioWebapi\WrioWebapi.fsproj", "{5289225D-3F6F-499E-A29E-3F65407C04F0}"
EndProject
Global
	GlobalSection(SolutionConfigurationPlatforms) = preSolution
		Debug|Any CPU = Debug|Any CPU
		Debug|x64 = Debug|x64
		Debug|x86 = Debug|x86
		Release|Any CPU = Release|Any CPU
		Release|x64 = Release|x64
		Release|x86 = Release|x86
	EndGlobalSection
	GlobalSection(SolutionProperties) = preSolution
		HideSolutionNode = FALSE
	EndGlobalSection
	GlobalSection(ProjectConfigurationPlatforms) = postSolution
		{10B9FB9F-C264-4756-9327-8F779FDD4E4B}.Debug|Any CPU.ActiveCfg = Debug|Any CPU
		{10B9FB9F-C264-4756-9327-8F779FDD4E4B}.Debug|Any CPU.Build.0 = Debug|Any CPU
		{10B9FB9F-C264-4756-9327-8F779FDD4E4B}.Debug|x64.ActiveCfg = Debug|Any CPU
		{10B9FB9F-C264-4756-9327-8F779FDD4E4B}.Debug|x64.Build.0 = Debug|Any CPU
		{10B9FB9F-C264-4756-9327-8F779FDD4E4B}.Debug|x86.ActiveCfg = Debug|Any CPU
		{10B9FB9F-C264-4756-9327-8F779FDD4E4B}.Debug|x86.Build.0 = Debug|Any CPU
		{10B9FB9F-C264-4756-9327-8F779FDD4E4B}.Release|Any CPU.ActiveCfg = Release|Any CPU
		{10B9FB9F-C264-4756-9327-8F779FDD4E4B}.Release|Any CPU.Build.0 = Release|Any CPU
		{10B9FB9F-C264-4756-9327-8F779FDD4E4B}.Release|x64.ActiveCfg = Release|Any CPU
		{10B9FB9F-C264-4756-9327-8F779FDD4E4B}.Release|x64.Build.0 = Release|Any CPU
		{10B9FB9F-C264-4756-9327-8F779FDD4E4B}.Release|x86.ActiveCfg = Release|Any CPU
		{10B9FB9F-C264-4756-9327-8F779FDD4E4B}.Release|x86.Build.0 = Release|Any CPU
		{7AD27526-6FAE-4043-809B-C1C529DF3BC9}.Debug|Any CPU.ActiveCfg = Debug|Any CPU
		{7AD27526-6FAE-4043-809B-C1C529DF3BC9}.Debug|Any CPU.Build.0 = Debug|Any CPU
		{7AD27526-6FAE-4043-809B-C1C529DF3BC9}.Debug|x64.ActiveCfg = Debug|Any CPU
		{7AD27526-6FAE-4043-809B-C1C529DF3BC9}.Debug|x64.Build.0 = Debug|Any CPU
		{7AD27526-6FAE-4043-809B-C1C529DF3BC9}.Debug|x86.ActiveCfg = Debug|Any CPU
		{7AD27526-6FAE-4043-809B-C1C529DF3BC9}.Debug|x86.Build.0 = Debug|Any CPU
		{7AD27526-6FAE-4043-809B-C1C529DF3BC9}.Release|Any CPU.ActiveCfg = Release|Any CPU
		{7AD27526-6FAE-4043-809B-C1C529DF3BC9}.Release|Any CPU.Build.0 = Release|Any CPU
		{7AD27526-6FAE-4043-809B-C1C529DF3BC9}.Release|x64.ActiveCfg = Release|Any CPU
		{7AD27526-6FAE-4043-809B-C1C529DF3BC9}.Release|x64.Build.0 = Release|Any CPU
		{7AD27526-6FAE-4043-809B-C1C529DF3BC9}.Release|x86.ActiveCfg = Release|Any CPU
		{7AD27526-6FAE-4043-809B-C1C529DF3BC9}.Release|x86.Build.0 = Release|Any CPU
		{20F810E0-B183-437E-932E-16F391509902}.Debug|Any CPU.ActiveCfg = Debug|Any CPU
		{20F810E0-B183-437E-932E-16F391509902}.Debug|Any CPU.Build.0 = Debug|Any CPU
		{20F810E0-B183-437E-932E-16F391509902}.Debug|x64.ActiveCfg = Debug|Any CPU
		{20F810E0-B183-437E-932E-16F391509902}.Debug|x64.Build.0 = Debug|Any CPU
		{20F810E0-B183-437E-932E-16F391509902}.Debug|x86.ActiveCfg = Debug|Any CPU
		{20F810E0-B183-437E-932E-16F391509902}.Debug|x86.Build.0 = Debug|Any CPU
		{20F810E0-B183-437E-932E-16F391509902}.Release|Any CPU.ActiveCfg = Release|Any CPU
		{20F810E0-B183-437E-932E-16F391509902}.Release|Any CPU.Build.0 = Release|Any CPU
		{20F810E0-B183-437E-932E-16F391509902}.Release|x64.ActiveCfg = Release|Any CPU
		{20F810E0-B183-437E-932E-16F391509902}.Release|x64.Build.0 = Release|Any CPU
		{20F810E0-B183-437E-932E-16F391509902}.Release|x86.ActiveCfg = Release|Any CPU
		{20F810E0-B183-437E-932E-16F391509902}.Release|x86.Build.0 = Release|Any CPU
		{5289225D-3F6F-499E-A29E-3F65407C04F0}.Debug|Any CPU.ActiveCfg = Debug|Any CPU
		{5289225D-3F6F-499E-A29E-3F65407C04F0}.Debug|Any CPU.Build.0 = Debug|Any CPU
		{5289225D-3F6F-499E-A29E-3F65407C04F0}.Debug|x64.ActiveCfg = Debug|Any CPU
		{5289225D-3F6F-499E-A29E-3F65407C04F0}.Debug|x64.Build.0 = Debug|Any CPU
		{5289225D-3F6F-499E-A29E-3F65407C04F0}.Debug|x86.ActiveCfg = Debug|Any CPU
		{5289225D-3F6F-499E-A29E-3F65407C04F0}.Debug|x86.Build.0 = Debug|Any CPU
		{5289225D-3F6F-499E-A29E-3F65407C04F0}.Release|Any CPU.ActiveCfg = Release|Any CPU
		{5289225D-3F6F-499E-A29E-3F65407C04F0}.Release|Any CPU.Build.0 = Release|Any CPU
		{5289225D-3F6F-499E-A29E-3F65407C04F0}.Release|x64.ActiveCfg = Release|Any CPU
		{5289225D-3F6F-499E-A29E-3F65407C04F0}.Release|x64.Build.0 = Release|Any CPU
		{5289225D-3F6F-499E-A29E-3F65407C04F0}.Release|x86.ActiveCfg = Release|Any CPU
		{5289225D-3F6F-499E-A29E-3F65407C04F0}.Release|x86.Build.0 = Release|Any CPU
	EndGlobalSection
EndGlobal
